
Microsoft Visual Studio Solution File, Format Version 12.00
# Visual Studio 15
VisualStudioVersion = 15.0.27428.2015
MinimumVisualStudioVersion = 10.0.40219.1
Project("{FAE04EC0-301F-11D3-BF4B-00C04F79EFBC}") = "DisableCutCopyPaste.Android", "DisableCutCopyPaste\DisableCutCopyPaste.Android\DisableCutCopyPaste.Android.csproj", "{53DF5A81-C943-4871-9298-572F7DD1003A}"
EndProject
Project("{FAE04EC0-301F-11D3-BF4B-00C04F79EFBC}") = "DisableCutCopyPaste.iOS", "DisableCutCopyPaste\DisableCutCopyPaste.iOS\DisableCutCopyPaste.iOS.csproj", "{3F5F9967-7A6A-4178-B9DC-F56F66BC2A84}"
EndProject
Project("{9A19103F-16F7-4668-BE54-9A1E7A4F7556}") = "DisableCutCopyPaste", "DisableCutCopyPaste\DisableCutCopyPaste\DisableCutCopyPaste.csproj", "{94631952-305B-41C0-8C50-57527F032F28}"
EndProject
Global
	GlobalSection(SolutionConfigurationPlatforms) = preSolution
		Ad-Hoc|Any CPU = Ad-Hoc|Any CPU
		Ad-Hoc|ARM = Ad-Hoc|ARM
		Ad-Hoc|iPhone = Ad-Hoc|iPhone
		Ad-Hoc|iPhoneSimulator = Ad-Hoc|iPhoneSimulator
		Ad-Hoc|x64 = Ad-Hoc|x64
		Ad-Hoc|x86 = Ad-Hoc|x86
		AppStore|Any CPU = AppStore|Any CPU
		AppStore|ARM = AppStore|ARM
		AppStore|iPhone = AppStore|iPhone
		AppStore|iPhoneSimulator = AppStore|iPhoneSimulator
		AppStore|x64 = AppStore|x64
		AppStore|x86 = AppStore|x86
		Debug|Any CPU = Debug|Any CPU
		Debug|ARM = Debug|ARM
		Debug|iPhone = Debug|iPhone
		Debug|iPhoneSimulator = Debug|iPhoneSimulator
		Debug|x64 = Debug|x64
		Debug|x86 = Debug|x86
		Release|Any CPU = Release|Any CPU
		Release|ARM = Release|ARM
		Release|iPhone = Release|iPhone
		Release|iPhoneSimulator = Release|iPhoneSimulator
		Release|x64 = Release|x64
		Release|x86 = Release|x86
	EndGlobalSection
	GlobalSection(ProjectConfigurationPlatforms) = postSolution
		{53DF5A81-C943-4871-9298-572F7DD1003A}.Ad-Hoc|Any CPU.ActiveCfg = Release|Any CPU
		{53DF5A81-C943-4871-9298-572F7DD1003A}.Ad-Hoc|Any CPU.Build.0 = Release|Any CPU
		{53DF5A81-C943-4871-9298-572F7DD1003A}.Ad-Hoc|Any CPU.Deploy.0 = Release|Any CPU
		{53DF5A81-C943-4871-9298-572F7DD1003A}.Ad-Hoc|ARM.ActiveCfg = Release|Any CPU
		{53DF5A81-C943-4871-9298-572F7DD1003A}.Ad-Hoc|ARM.Build.0 = Release|Any CPU
		{53DF5A81-C943-4871-9298-572F7DD1003A}.Ad-Hoc|ARM.Deploy.0 = Release|Any CPU
		{53DF5A81-C943-4871-9298-572F7DD1003A}.Ad-Hoc|iPhone.ActiveCfg = Release|Any CPU
		{53DF5A81-C943-4871-9298-572F7DD1003A}.Ad-Hoc|iPhone.Build.0 = Release|Any CPU
		{53DF5A81-C943-4871-9298-572F7DD1003A}.Ad-Hoc|iPhone.Deploy.0 = Release|Any CPU
		{53DF5A81-C943-4871-9298-572F7DD1003A}.Ad-Hoc|iPhoneSimulator.ActiveCfg = Release|Any CPU
		{53DF5A81-C943-4871-9298-572F7DD1003A}.Ad-Hoc|iPhoneSimulator.Build.0 = Release|Any CPU
		{53DF5A81-C943-4871-9298-572F7DD1003A}.Ad-Hoc|iPhoneSimulator.Deploy.0 = Release|Any CPU
		{53DF5A81-C943-4871-9298-572F7DD1003A}.Ad-Hoc|x64.ActiveCfg = Release|Any CPU
		{53DF5A81-C943-4871-9298-572F7DD1003A}.Ad-Hoc|x64.Build.0 = Release|Any CPU
		{53DF5A81-C943-4871-9298-572F7DD1003A}.Ad-Hoc|x64.Deploy.0 = Release|Any CPU
		{53DF5A81-C943-4871-9298-572F7DD1003A}.Ad-Hoc|x86.ActiveCfg = Release|Any CPU
		{53DF5A81-C943-4871-9298-572F7DD1003A}.Ad-Hoc|x86.Build.0 = Release|Any CPU
		{53DF5A81-C943-4871-9298-572F7DD1003A}.Ad-Hoc|x86.Deploy.0 = Release|Any CPU
		{53DF5A81-C943-4871-9298-572F7DD1003A}.AppStore|Any CPU.ActiveCfg = Release|Any CPU
		{53DF5A81-C943-4871-9298-572F7DD1003A}.AppStore|Any CPU.Build.0 = Release|Any CPU
		{53DF5A81-C943-4871-9298-572F7DD1003A}.AppStore|Any CPU.Deploy.0 = Release|Any CPU
		{53DF5A81-C943-4871-9298-572F7DD1003A}.AppStore|ARM.ActiveCfg = Release|Any CPU
		{53DF5A81-C943-4871-9298-572F7DD1003A}.AppStore|ARM.Build.0 = Release|Any CPU
		{53DF5A81-C943-4871-9298-572F7DD1003A}.AppStore|ARM.Deploy.0 = Release|Any CPU
		{53DF5A81-C943-4871-9298-572F7DD1003A}.AppStore|iPhone.ActiveCfg = Release|Any CPU
		{53DF5A81-C943-4871-9298-572F7DD1003A}.AppStore|iPhone.Build.0 = Release|Any CPU
		{53DF5A81-C943-4871-9298-572F7DD1003A}.AppStore|iPhone.Deploy.0 = Release|Any CPU
		{53DF5A81-C943-4871-9298-572F7DD1003A}.AppStore|iPhoneSimulator.ActiveCfg = Release|Any CPU
		{53DF5A81-C943-4871-9298-572F7DD1003A}.AppStore|iPhoneSimulator.Build.0 = Release|Any CPU
		{53DF5A81-C943-4871-9298-572F7DD1003A}.AppStore|iPhoneSimulator.Deploy.0 = Release|Any CPU
		{53DF5A81-C943-4871-9298-572F7DD1003A}.AppStore|x64.ActiveCfg = Release|Any CPU
		{53DF5A81-C943-4871-9298-572F7DD1003A}.AppStore|x64.Build.0 = Release|Any CPU
		{53DF5A81-C943-4871-9298-572F7DD1003A}.AppStore|x64.Deploy.0 = Release|Any CPU
		{53DF5A81-C943-4871-9298-572F7DD1003A}.AppStore|x86.ActiveCfg = Release|Any CPU
		{53DF5A81-C943-4871-9298-572F7DD1003A}.AppStore|x86.Build.0 = Release|Any CPU
		{53DF5A81-C943-4871-9298-572F7DD1003A}.AppStore|x86.Deploy.0 = Release|Any CPU
		{53DF5A81-C943-4871-9298-572F7DD1003A}.Debug|Any CPU.ActiveCfg = Debug|Any CPU
		{53DF5A81-C943-4871-9298-572F7DD1003A}.Debug|Any CPU.Build.0 = Debug|Any CPU
		{53DF5A81-C943-4871-9298-572F7DD1003A}.Debug|Any CPU.Deploy.0 = Debug|Any CPU
		{53DF5A81-C943-4871-9298-572F7DD1003A}.Debug|ARM.ActiveCfg = Debug|Any CPU
		{53DF5A81-C943-4871-9298-572F7DD1003A}.Debug|ARM.Build.0 = Debug|Any CPU
		{53DF5A81-C943-4871-9298-572F7DD1003A}.Debug|ARM.Deploy.0 = Debug|Any CPU
		{53DF5A81-C943-4871-9298-572F7DD1003A}.Debug|iPhone.ActiveCfg = Debug|Any CPU
		{53DF5A81-C943-4871-9298-572F7DD1003A}.Debug|iPhone.Build.0 = Debug|Any CPU
		{53DF5A81-C943-4871-9298-572F7DD1003A}.Debug|iPhone.Deploy.0 = Debug|Any CPU
		{53DF5A81-C943-4871-9298-572F7DD1003A}.Debug|iPhoneSimulator.ActiveCfg = Debug|Any CPU
		{53DF5A81-C943-4871-9298-572F7DD1003A}.Debug|iPhoneSimulator.Build.0 = Debug|Any CPU
		{53DF5A81-C943-4871-9298-572F7DD1003A}.Debug|iPhoneSimulator.Deploy.0 = Debug|Any CPU
		{53DF5A81-C943-4871-9298-572F7DD1003A}.Debug|x64.ActiveCfg = Debug|Any CPU
		{53DF5A81-C943-4871-9298-572F7DD1003A}.Debug|x64.Build.0 = Debug|Any CPU
		{53DF5A81-C943-4871-9298-572F7DD1003A}.Debug|x64.Deploy.0 = Debug|Any CPU
		{53DF5A81-C943-4871-9298-572F7DD1003A}.Debug|x86.ActiveCfg = Debug|Any CPU
		{53DF5A81-C943-4871-9298-572F7DD1003A}.Debug|x86.Build.0 = Debug|Any CPU
		{53DF5A81-C943-4871-9298-572F7DD1003A}.Debug|x86.Deploy.0 = Debug|Any CPU
		{53DF5A81-C943-4871-9298-572F7DD1003A}.Release|Any CPU.ActiveCfg = Release|Any CPU
		{53DF5A81-C943-4871-9298-572F7DD1003A}.Release|Any CPU.Build.0 = Release|Any CPU
		{53DF5A81-C943-4871-9298-572F7DD1003A}.Release|Any CPU.Deploy.0 = Release|Any CPU
		{53DF5A81-C943-4871-9298-572F7DD1003A}.Release|ARM.ActiveCfg = Release|Any CPU
		{53DF5A81-C943-4871-9298-572F7DD1003A}.Release|ARM.Build.0 = Release|Any CPU
		{53DF5A81-C943-4871-9298-572F7DD1003A}.Release|ARM.Deploy.0 = Release|Any CPU
		{53DF5A81-C943-4871-9298-572F7DD1003A}.Release|iPhone.ActiveCfg = Release|Any CPU
		{53DF5A81-C943-4871-9298-572F7DD1003A}.Release|iPhone.Build.0 = Release|Any CPU
		{53DF5A81-C943-4871-9298-572F7DD1003A}.Release|iPhone.Deploy.0 = Release|Any CPU
		{53DF5A81-C943-4871-9298-572F7DD1003A}.Release|iPhoneSimulator.ActiveCfg = Release|Any CPU
		{53DF5A81-C943-4871-9298-572F7DD1003A}.Release|iPhoneSimulator.Build.0 = Release|Any CPU
		{53DF5A81-C943-4871-9298-572F7DD1003A}.Release|iPhoneSimulator.Deploy.0 = Release|Any CPU
		{53DF5A81-C943-4871-9298-572F7DD1003A}.Release|x64.ActiveCfg = Release|Any CPU
		{53DF5A81-C943-4871-9298-572F7DD1003A}.Release|x64.Build.0 = Release|Any CPU
		{53DF5A81-C943-4871-9298-572F7DD1003A}.Release|x64.Deploy.0 = Release|Any CPU
		{53DF5A81-C943-4871-9298-572F7DD1003A}.Release|x86.ActiveCfg = Release|Any CPU
		{53DF5A81-C943-4871-9298-572F7DD1003A}.Release|x86.Build.0 = Release|Any CPU
		{53DF5A81-C943-4871-9298-572F7DD1003A}.Release|x86.Deploy.0 = Release|Any CPU
		{3F5F9967-7A6A-4178-B9DC-F56F66BC2A84}.Ad-Hoc|Any CPU.ActiveCfg = Ad-Hoc|iPhone
		{3F5F9967-7A6A-4178-B9DC-F56F66BC2A84}.Ad-Hoc|ARM.ActiveCfg = Ad-Hoc|iPhone
		{3F5F9967-7A6A-4178-B9DC-F56F66BC2A84}.Ad-Hoc|iPhone.ActiveCfg = Ad-Hoc|iPhone
		{3F5F9967-7A6A-4178-B9DC-F56F66BC2A84}.Ad-Hoc|iPhone.Build.0 = Ad-Hoc|iPhone
		{3F5F9967-7A6A-4178-B9DC-F56F66BC2A84}.Ad-Hoc|iPhoneSimulator.ActiveCfg = Ad-Hoc|iPhoneSimulator
		{3F5F9967-7A6A-4178-B9DC-F56F66BC2A84}.Ad-Hoc|iPhoneSimulator.Build.0 = Ad-Hoc|iPhoneSimulator
		{3F5F9967-7A6A-4178-B9DC-F56F66BC2A84}.Ad-Hoc|x64.ActiveCfg = Ad-Hoc|iPhone
		{3F5F9967-7A6A-4178-B9DC-F56F66BC2A84}.Ad-Hoc|x86.ActiveCfg = Ad-Hoc|iPhone
		{3F5F9967-7A6A-4178-B9DC-F56F66BC2A84}.AppStore|Any CPU.ActiveCfg = AppStore|iPhone
		{3F5F9967-7A6A-4178-B9DC-F56F66BC2A84}.AppStore|ARM.ActiveCfg = AppStore|iPhone
		{3F5F9967-7A6A-4178-B9DC-F56F66BC2A84}.AppStore|iPhone.ActiveCfg = AppStore|iPhone
		{3F5F9967-7A6A-4178-B9DC-F56F66BC2A84}.AppStore|iPhone.Build.0 = AppStore|iPhone
		{3F5F9967-7A6A-4178-B9DC-F56F66BC2A84}.AppStore|iPhoneSimulator.ActiveCfg = AppStore|iPhoneSimulator
		{3F5F9967-7A6A-4178-B9DC-F56F66BC2A84}.AppStore|iPhoneSimulator.Build.0 = AppStore|iPhoneSimulator
		{3F5F9967-7A6A-4178-B9DC-F56F66BC2A84}.AppStore|x64.ActiveCfg = AppStore|iPhone
		{3F5F9967-7A6A-4178-B9DC-F56F66BC2A84}.AppStore|x86.ActiveCfg = AppStore|iPhone
		{3F5F9967-7A6A-4178-B9DC-F56F66BC2A84}.Debug|Any CPU.ActiveCfg = Debug|iPhone
		{3F5F9967-7A6A-4178-B9DC-F56F66BC2A84}.Debug|ARM.ActiveCfg = Debug|iPhone
		{3F5F9967-7A6A-4178-B9DC-F56F66BC2A84}.Debug|iPhone.ActiveCfg = Debug|iPhone
		{3F5F9967-7A6A-4178-B9DC-F56F66BC2A84}.Debug|iPhone.Build.0 = Debug|iPhone
		{3F5F9967-7A6A-4178-B9DC-F56F66BC2A84}.Debug|iPhoneSimulator.ActiveCfg = Debug|iPhoneSimulator
		{3F5F9967-7A6A-4178-B9DC-F56F66BC2A84}.Debug|iPhoneSimulator.Build.0 = Debug|iPhoneSimulator
		{3F5F9967-7A6A-4178-B9DC-F56F66BC2A84}.Debug|x64.ActiveCfg = Debug|iPhone
		{3F5F9967-7A6A-4178-B9DC-F56F66BC2A84}.Debug|x86.ActiveCfg = Debug|iPhone
		{3F5F9967-7A6A-4178-B9DC-F56F66BC2A84}.Release|Any CPU.ActiveCfg = Release|iPhone
		{3F5F9967-7A6A-4178-B9DC-F56F66BC2A84}.Release|ARM.ActiveCfg = Release|iPhone
		{3F5F9967-7A6A-4178-B9DC-F56F66BC2A84}.Release|iPhone.ActiveCfg = Release|iPhone
		{3F5F9967-7A6A-4178-B9DC-F56F66BC2A84}.Release|iPhone.Build.0 = Release|iPhone
		{3F5F9967-7A6A-4178-B9DC-F56F66BC2A84}.Release|iPhoneSimulator.ActiveCfg = Release|iPhoneSimulator
		{3F5F9967-7A6A-4178-B9DC-F56F66BC2A84}.Release|iPhoneSimulator.Build.0 = Release|iPhoneSimulator
		{3F5F9967-7A6A-4178-B9DC-F56F66BC2A84}.Release|x64.ActiveCfg = Release|iPhone
		{3F5F9967-7A6A-4178-B9DC-F56F66BC2A84}.Release|x86.ActiveCfg = Release|iPhone
		{94631952-305B-41C0-8C50-57527F032F28}.Ad-Hoc|Any CPU.ActiveCfg = Debug|Any CPU
		{94631952-305B-41C0-8C50-57527F032F28}.Ad-Hoc|Any CPU.Build.0 = Debug|Any CPU
		{94631952-305B-41C0-8C50-57527F032F28}.Ad-Hoc|ARM.ActiveCfg = Debug|Any CPU
		{94631952-305B-41C0-8C50-57527F032F28}.Ad-Hoc|ARM.Build.0 = Debug|Any CPU
		{94631952-305B-41C0-8C50-57527F032F28}.Ad-Hoc|iPhone.ActiveCfg = Debug|Any CPU
		{94631952-305B-41C0-8C50-57527F032F28}.Ad-Hoc|iPhone.Build.0 = Debug|Any CPU
		{94631952-305B-41C0-8C50-57527F032F28}.Ad-Hoc|iPhoneSimulator.ActiveCfg = Debug|Any CPU
		{94631952-305B-41C0-8C50-57527F032F28}.Ad-Hoc|iPhoneSimulator.Build.0 = Debug|Any CPU
		{94631952-305B-41C0-8C50-57527F032F28}.Ad-Hoc|x64.ActiveCfg = Debug|Any CPU
		{94631952-305B-41C0-8C50-57527F032F28}.Ad-Hoc|x64.Build.0 = Debug|Any CPU
		{94631952-305B-41C0-8C50-57527F032F28}.Ad-Hoc|x86.ActiveCfg = Debug|Any CPU
		{94631952-305B-41C0-8C50-57527F032F28}.Ad-Hoc|x86.Build.0 = Debug|Any CPU
		{94631952-305B-41C0-8C50-57527F032F28}.AppStore|Any CPU.ActiveCfg = Debug|Any CPU
		{94631952-305B-41C0-8C50-57527F032F28}.AppStore|Any CPU.Build.0 = Debug|Any CPU
		{94631952-305B-41C0-8C50-57527F032F28}.AppStore|ARM.ActiveCfg = Debug|Any CPU
		{94631952-305B-41C0-8C50-57527F032F28}.AppStore|ARM.Build.0 = Debug|Any CPU
		{94631952-305B-41C0-8C50-57527F032F28}.AppStore|iPhone.ActiveCfg = Debug|Any CPU
		{94631952-305B-41C0-8C50-57527F032F28}.AppStore|iPhone.Build.0 = Debug|Any CPU
		{94631952-305B-41C0-8C50-57527F032F28}.AppStore|iPhoneSimulator.ActiveCfg = Debug|Any CPU
		{94631952-305B-41C0-8C50-57527F032F28}.AppStore|iPhoneSimulator.Build.0 = Debug|Any CPU
		{94631952-305B-41C0-8C50-57527F032F28}.AppStore|x64.ActiveCfg = Debug|Any CPU
		{94631952-305B-41C0-8C50-57527F032F28}.AppStore|x64.Build.0 = Debug|Any CPU
		{94631952-305B-41C0-8C50-57527F032F28}.AppStore|x86.ActiveCfg = Debug|Any CPU
		{94631952-305B-41C0-8C50-57527F032F28}.AppStore|x86.Build.0 = Debug|Any CPU
		{94631952-305B-41C0-8C50-57527F032F28}.Debug|Any CPU.ActiveCfg = Debug|Any CPU
		{94631952-305B-41C0-8C50-57527F032F28}.Debug|Any CPU.Build.0 = Debug|Any CPU
		{94631952-305B-41C0-8C50-57527F032F28}.Debug|ARM.ActiveCfg = Debug|Any CPU
		{94631952-305B-41C0-8C50-57527F032F28}.Debug|ARM.Build.0 = Debug|Any CPU
		{94631952-305B-41C0-8C50-57527F032F28}.Debug|iPhone.ActiveCfg = Debug|Any CPU
		{94631952-305B-41C0-8C50-57527F032F28}.Debug|iPhone.Build.0 = Debug|Any CPU
		{94631952-305B-41C0-8C50-57527F032F28}.Debug|iPhoneSimulator.ActiveCfg = Debug|Any CPU
		{94631952-305B-41C0-8C50-57527F032F28}.Debug|iPhoneSimulator.Build.0 = Debug|Any CPU
		{94631952-305B-41C0-8C50-57527F032F28}.Debug|x64.ActiveCfg = Debug|Any CPU
		{94631952-305B-41C0-8C50-57527F032F28}.Debug|x64.Build.0 = Debug|Any CPU
		{94631952-305B-41C0-8C50-57527F032F28}.Debug|x86.ActiveCfg = Debug|Any CPU
		{94631952-305B-41C0-8C50-57527F032F28}.Debug|x86.Build.0 = Debug|Any CPU
		{94631952-305B-41C0-8C50-57527F032F28}.Release|Any CPU.ActiveCfg = Release|Any CPU
		{94631952-305B-41C0-8C50-57527F032F28}.Release|Any CPU.Build.0 = Release|Any CPU
		{94631952-305B-41C0-8C50-57527F032F28}.Release|ARM.ActiveCfg = Release|Any CPU
		{94631952-305B-41C0-8C50-57527F032F28}.Release|ARM.Build.0 = Release|Any CPU
		{94631952-305B-41C0-8C50-57527F032F28}.Release|iPhone.ActiveCfg = Release|Any CPU
		{94631952-305B-41C0-8C50-57527F032F28}.Release|iPhone.Build.0 = Release|Any CPU
		{94631952-305B-41C0-8C50-57527F032F28}.Release|iPhoneSimulator.ActiveCfg = Release|Any CPU
		{94631952-305B-41C0-8C50-57527F032F28}.Release|iPhoneSimulator.Build.0 = Release|Any CPU
		{94631952-305B-41C0-8C50-57527F032F28}.Release|x64.ActiveCfg = Release|Any CPU
		{94631952-305B-41C0-8C50-57527F032F28}.Release|x64.Build.0 = Release|Any CPU
		{94631952-305B-41C0-8C50-57527F032F28}.Release|x86.ActiveCfg = Release|Any CPU
		{94631952-305B-41C0-8C50-57527F032F28}.Release|x86.Build.0 = Release|Any CPU
	EndGlobalSection
	GlobalSection(SolutionProperties) = preSolution
		HideSolutionNode = FALSE
	EndGlobalSection
	GlobalSection(ExtensibilityGlobals) = postSolution
		SolutionGuid = {89A77B65-85BB-410D-ACB4-A1108B07173D}
	EndGlobalSection
EndGlobal
